{
  "name": "wellbeing_analysis",
  "version": "4.0.0",
  "lockfileVersion": 1,
  "requires": true,
  "dependencies": {
    "async": {
      "version": "2.6.1",
      "resolved": "https://registry.npmjs.org/async/-/async-2.6.1.tgz",
      "integrity": "sha512-fNEiL2+AZt6AlAw/29Cr0UDe4sRAHCpEHh54WMz+Bb7QfNcFw4h3loofyJpLeQs4Yx7yuqu/2dLgM5hKOs6HlQ==",
      "requires": {
        "lodash": "^4.17.10"
      }
    },
    "british_american_translate": {
      "version": "1.0.2",
      "resolved": "https://registry.npmjs.org/british_american_translate/-/british_american_translate-1.0.2.tgz",
      "integrity": "sha512-wR/ltGabeUCSYWrxD8MlCi+VXdNY+KiOSHV05tS22MwWACgmKEDSjtSzsE/H1mbTG2i6EDqgOcj5OGKNkiAfUA=="
    },
    "decimal.js-light": {
      "version": "2.4.1",
      "resolved": "https://registry.npmjs.org/decimal.js-light/-/decimal.js-light-2.4.1.tgz",
      "integrity": "sha512-OToPy7ssm+ha36h4Af2Yyh3ky51GcKmirdTcyQ1zmjCzV8/M6kqJqjOYMSxWAfm311mtOWLZPnD13JcQngr3vw=="
    },
    "happynodetokenizer": {
      "version": "0.4.1",
      "resolved": "https://registry.npmjs.org/happynodetokenizer/-/happynodetokenizer-0.4.1.tgz",
      "integrity": "sha512-qfH3qvPiYPNRmZNBP/zQ3CynXncx4t1QBxi3tG3PNOGcIzmOafbOWg5kzVCHOuT3XejvliirL8kfRF4LME/4oA==",
      "requires": {
        "he": "^1.1.1"
      }
    },
    "he": {
      "version": "1.1.1",
      "resolved": "https://registry.npmjs.org/he/-/he-1.1.1.tgz",
      "integrity": "sha1-k0EP0hsAlzUVH4howvJx80J+I/0="
    },
    "lex-helpers": {
      "version": "0.4.0",
      "resolved": "https://registry.npmjs.org/lex-helpers/-/lex-helpers-0.4.0.tgz",
      "integrity": "sha512-g3ptDcpw73Pt5q7hIVGQbdIhzlqYZCFpDudUtD/hWa9C/WamIWIassmCqnwF145qMMl/Q09tBStfii/K+gRFtA==",
      "requires": {
        "async": "^2.6.1",
        "decimal.js-light": "^2.4.1"
      }
    },
    "lodash": {
      "version": "4.17.10",
      "resolved": "https://registry.npmjs.org/lodash/-/lodash-4.17.10.tgz",
      "integrity": "sha512-UejweD1pDoXu+AD825lWwp4ZGtSwgnpZxb3JDViD7StjQz+Nb/6l093lx4OQ0foGWNRoc19mWy7BzL+UAK2iVg=="
    },
    "simplengrams": {
      "version": "0.3.3",
      "resolved": "https://registry.npmjs.org/simplengrams/-/simplengrams-0.3.3.tgz",
      "integrity": "sha512-Y+DzQAMEnoRYElpFJo7KVNVmmVzYf0xUG5a6BU2UltO7m4VK+gx4we54H2VyC/CycgApII5HLQ8RBhpCVyvAdg==",
      "requires": {
        "happynodetokenizer": "^0.4.0"
      }
    }
  }
}
